
Microsoft Visual Studio Solution File, Format Version 12.00
# Visual Studio Version 17
VisualStudioVersion = 17.13.35825.156
MinimumVisualStudioVersion = 10.0.40219.1
Project("{FAE04EC0-301F-11D3-BF4B-00C04F79EFBC}") = "SandboxWindowsDesktopApp", "SandboxWindowsDesktopApp\SandboxWindowsDesktopApp.csproj", "{25948D26-2FCE-4E92-B7F9-41EA17DED9A6}"
EndProject
Global
	GlobalSection(SolutionConfigurationPlatforms) = preSolution
		Debug|Any CPU = Debug|Any CPU
		Release|Any CPU = Release|Any CPU
	EndGlobalSection
	GlobalSection(ProjectConfigurationPlatforms) = postSolution
		{25948D26-2FCE-4E92-B7F9-41EA17DED9A6}.Debug|Any CPU.ActiveCfg = Debug|Any CPU
		{25948D26-2FCE-4E92-B7F9-41EA17DED9A6}.Debug|Any CPU.Build.0 = Debug|Any CPU
		{25948D26-2FCE-4E92-B7F9-41EA17DED9A6}.Release|Any CPU.ActiveCfg = Release|Any CPU
		{25948D26-2FCE-4E92-B7F9-41EA17DED9A6}.Release|Any CPU.Build.0 = Release|Any CPU
	EndGlobalSection
	GlobalSection(SolutionProperties) = preSolution
		HideSolutionNode = FALSE
	EndGlobalSection
	GlobalSection(ExtensibilityGlobals) = postSolution
		SolutionGuid = {F0CD8B57-873A-4B2D-9DA1-F723D9F025BF}
	EndGlobalSection
EndGlobal
